PODS:
  - AFDateHelper (4.3.0)
  - Alamofire (4.9.1)
  - IQKeyboardManagerSwift (6.5.5)
  - MBProgressHUD (1.2.0)
  - ReachabilitySwift (5.0.0)
  - Toaster (2.2.0)

DEPENDENCIES:
  - AFDateHelper
  - Alamofire
  - IQKeyboardManagerSwift
  - MBProgressHUD
  - ReachabilitySwift
  - Toaster

SPEC REPOS:
  https://github.com/cocoapods/specs.git:
    - AFDateHelper
    - Alamofire
    - IQKeyboardManagerSwift
    - MBProgressHUD
    - ReachabilitySwift
    - Toaster

SPEC CHECKSUMS:
  AFDateHelper: b769c07d3d4784ee9a74633285304261bb27dc52
  Alamofire: 85e8a02c69d6020a0d734f6054870d7ecb75cf18
  IQKeyboardManagerSwift: 0fb93310284665245591f50f7a5e38de615960b7
  MBProgressHUD: 3ee5efcc380f6a79a7cc9b363dd669c5e1ae7406
  ReachabilitySwift: 985039c6f7b23a1da463388634119492ff86c825
  Toaster: c1a81b376edcc2470157b4d1ee1e9341d3b96455

PODFILE CHECKSUM: 503f8ae46eb9887c8d43ed74cfd59b8c2971ed11

COCOAPODS: 1.5.3
